
Microsoft Visual Studio Solution File, Format Version 12.00
# Visual Studio Version 17
VisualStudioVersion = 17.11.35222.181
MinimumVisualStudioVersion = 10.0.40219.1
Project("{FAE04EC0-301F-11D3-BF4B-00C04F79EFBC}") = "ShapeAreaCalculator", "ClassLibrary1\ShapeAreaCalculator.csproj", "{BF36A212-CB9C-4D8C-AB07-052B0E8BD1E6}"
EndProject
Project("{FAE04EC0-301F-11D3-BF4B-00C04F79EFBC}") = "ShapeAreaCalculator.Tests", "TestProject1\ShapeAreaCalculator.Tests.csproj", "{51079345-1BD4-4CCD-A22F-0DCCF9C93239}"
EndProject
Global
	GlobalSection(SolutionConfigurationPlatforms) = preSolution
		Debug|Any CPU = Debug|Any CPU
		Release|Any CPU = Release|Any CPU
	EndGlobalSection
	GlobalSection(ProjectConfigurationPlatforms) = postSolution
		{BF36A212-CB9C-4D8C-AB07-052B0E8BD1E6}.Debug|Any CPU.ActiveCfg = Debug|Any CPU
		{BF36A212-CB9C-4D8C-AB07-052B0E8BD1E6}.Debug|Any CPU.Build.0 = Debug|Any CPU
		{BF36A212-CB9C-4D8C-AB07-052B0E8BD1E6}.Release|Any CPU.ActiveCfg = Release|Any CPU
		{BF36A212-CB9C-4D8C-AB07-052B0E8BD1E6}.Release|Any CPU.Build.0 = Release|Any CPU
		{51079345-1BD4-4CCD-A22F-0DCCF9C93239}.Debug|Any CPU.ActiveCfg = Debug|Any CPU
		{51079345-1BD4-4CCD-A22F-0DCCF9C93239}.Debug|Any CPU.Build.0 = Debug|Any CPU
		{51079345-1BD4-4CCD-A22F-0DCCF9C93239}.Release|Any CPU.ActiveCfg = Release|Any CPU
		{51079345-1BD4-4CCD-A22F-0DCCF9C93239}.Release|Any CPU.Build.0 = Release|Any CPU
	EndGlobalSection
	GlobalSection(SolutionProperties) = preSolution
		HideSolutionNode = FALSE
	EndGlobalSection
	GlobalSection(ExtensibilityGlobals) = postSolution
		SolutionGuid = {BF320B18-D135-44AB-8869-2669C038EC6F}
	EndGlobalSection
EndGlobal
